
Microsoft Visual Studio Solution File, Format Version 12.00
# Visual Studio Version 17
VisualStudioVersion = 17.5.002.0
MinimumVisualStudioVersion = 10.0.40219.1
Project("{9A19103F-16F7-4668-BE54-9A1E7A4F7556}") = "AspireContainer", "webapi\AspireContainer.csproj", "{1E8529E9-7510-4F40-B09C-1AF3BA3833CD}"
EndProject
Project("{9A19103F-16F7-4668-BE54-9A1E7A4F7556}") = "BlazorApp", "BlazorApp\BlazorApp.csproj", "{CAADBFDB-A79E-4BDA-B0EC-5BD1B67BF4CE}"
EndProject
Global
	GlobalSection(SolutionConfigurationPlatforms) = preSolution
		Debug|Any CPU = Debug|Any CPU
		Release|Any CPU = Release|Any CPU
	EndGlobalSection
	GlobalSection(ProjectConfigurationPlatforms) = postSolution
		{1E8529E9-7510-4F40-B09C-1AF3BA3833CD}.Debug|Any CPU.ActiveCfg = Debug|Any CPU
		{1E8529E9-7510-4F40-B09C-1AF3BA3833CD}.Debug|Any CPU.Build.0 = Debug|Any CPU
		{1E8529E9-7510-4F40-B09C-1AF3BA3833CD}.Release|Any CPU.ActiveCfg = Release|Any CPU
		{1E8529E9-7510-4F40-B09C-1AF3BA3833CD}.Release|Any CPU.Build.0 = Release|Any CPU
		{CAADBFDB-A79E-4BDA-B0EC-5BD1B67BF4CE}.Debug|Any CPU.ActiveCfg = Debug|Any CPU
		{CAADBFDB-A79E-4BDA-B0EC-5BD1B67BF4CE}.Debug|Any CPU.Build.0 = Debug|Any CPU
		{CAADBFDB-A79E-4BDA-B0EC-5BD1B67BF4CE}.Release|Any CPU.ActiveCfg = Release|Any CPU
		{CAADBFDB-A79E-4BDA-B0EC-5BD1B67BF4CE}.Release|Any CPU.Build.0 = Release|Any CPU
	EndGlobalSection
	GlobalSection(SolutionProperties) = preSolution
		HideSolutionNode = FALSE
	EndGlobalSection
	GlobalSection(ExtensibilityGlobals) = postSolution
		SolutionGuid = {608503E4-076D-4B17-9586-92E2DEAA0890}
	EndGlobalSection
EndGlobal
